
Microsoft Visual Studio Solution File, Format Version 12.00
# Visual Studio Version 17
VisualStudioVersion = 17.11.35222.181
MinimumVisualStudioVersion = 10.0.40219.1
Project("{FAE04EC0-301F-11D3-BF4B-00C04F79EFBC}") = "Rock-Paper-Scissor", "Rock-Paper-Scissor.csproj", "{919D4087-03D4-44B5-80C0-27E5B8C91237}"
EndProject
Global
	GlobalSection(SolutionConfigurationPlatforms) = preSolution
		Debug|Any CPU = Debug|Any CPU
		Release|Any CPU = Release|Any CPU
	EndGlobalSection
	GlobalSection(ProjectConfigurationPlatforms) = postSolution
		{919D4087-03D4-44B5-80C0-27E5B8C91237}.Debug|Any CPU.ActiveCfg = Debug|Any CPU
		{919D4087-03D4-44B5-80C0-27E5B8C91237}.Debug|Any CPU.Build.0 = Debug|Any CPU
		{919D4087-03D4-44B5-80C0-27E5B8C91237}.Release|Any CPU.ActiveCfg = Release|Any CPU
		{919D4087-03D4-44B5-80C0-27E5B8C91237}.Release|Any CPU.Build.0 = Release|Any CPU
	EndGlobalSection
	GlobalSection(SolutionProperties) = preSolution
		HideSolutionNode = FALSE
	EndGlobalSection
	GlobalSection(ExtensibilityGlobals) = postSolution
		SolutionGuid = {EB422747-EC41-4044-9E4D-A61A8A5FD5DE}
	EndGlobalSection
EndGlobal
